
Microsoft Visual Studio Solution File, Format Version 12.00
# Visual Studio 15
VisualStudioVersion = 15.0.26124.0
MinimumVisualStudioVersion = 15.0.26124.0
Project("{2150E333-8FDC-42A3-9474-1A3956D46DE8}") = ".paket", ".paket", "{37FF229E-B22F-4D0B-9336-70D86636A53B}"
	ProjectSection(SolutionItems) = preProject
		paket.dependencies = paket.dependencies
	EndProjectSection
EndProject
Project("{F2A71F9B-5D33-465A-A702-920D77279786}") = "SampleApp", "SampleApp\SampleApp.fsproj", "{C2E041C8-049C-4470-AA81-A08DB62DF073}"
EndProject
Project("{F2A71F9B-5D33-465A-A702-920D77279786}") = "RecordProvider", "RecordProvider\RecordProvider.fsproj", "{D37B3CB4-9946-46D4-A427-F058B3F96DCA}"
EndProject
Global
	GlobalSection(SolutionConfigurationPlatforms) = preSolution
		Debug|Any CPU = Debug|Any CPU
		Debug|x64 = Debug|x64
		Debug|x86 = Debug|x86
		Release|Any CPU = Release|Any CPU
		Release|x64 = Release|x64
		Release|x86 = Release|x86
	EndGlobalSection
	GlobalSection(SolutionProperties) = preSolution
		HideSolutionNode = FALSE
	EndGlobalSection
	GlobalSection(ProjectConfigurationPlatforms) = postSolution
		{C2E041C8-049C-4470-AA81-A08DB62DF073}.Debug|Any CPU.ActiveCfg = Debug|Any CPU
		{C2E041C8-049C-4470-AA81-A08DB62DF073}.Debug|Any CPU.Build.0 = Debug|Any CPU
		{C2E041C8-049C-4470-AA81-A08DB62DF073}.Debug|x64.ActiveCfg = Debug|Any CPU
		{C2E041C8-049C-4470-AA81-A08DB62DF073}.Debug|x64.Build.0 = Debug|Any CPU
		{C2E041C8-049C-4470-AA81-A08DB62DF073}.Debug|x86.ActiveCfg = Debug|Any CPU
		{C2E041C8-049C-4470-AA81-A08DB62DF073}.Debug|x86.Build.0 = Debug|Any CPU
		{C2E041C8-049C-4470-AA81-A08DB62DF073}.Release|Any CPU.ActiveCfg = Release|Any CPU
		{C2E041C8-049C-4470-AA81-A08DB62DF073}.Release|Any CPU.Build.0 = Release|Any CPU
		{C2E041C8-049C-4470-AA81-A08DB62DF073}.Release|x64.ActiveCfg = Release|Any CPU
		{C2E041C8-049C-4470-AA81-A08DB62DF073}.Release|x64.Build.0 = Release|Any CPU
		{C2E041C8-049C-4470-AA81-A08DB62DF073}.Release|x86.ActiveCfg = Release|Any CPU
		{C2E041C8-049C-4470-AA81-A08DB62DF073}.Release|x86.Build.0 = Release|Any CPU
		{D37B3CB4-9946-46D4-A427-F058B3F96DCA}.Debug|Any CPU.ActiveCfg = Debug|Any CPU
		{D37B3CB4-9946-46D4-A427-F058B3F96DCA}.Debug|Any CPU.Build.0 = Debug|Any CPU
		{D37B3CB4-9946-46D4-A427-F058B3F96DCA}.Debug|x64.ActiveCfg = Debug|Any CPU
		{D37B3CB4-9946-46D4-A427-F058B3F96DCA}.Debug|x64.Build.0 = Debug|Any CPU
		{D37B3CB4-9946-46D4-A427-F058B3F96DCA}.Debug|x86.ActiveCfg = Debug|Any CPU
		{D37B3CB4-9946-46D4-A427-F058B3F96DCA}.Debug|x86.Build.0 = Debug|Any CPU
		{D37B3CB4-9946-46D4-A427-F058B3F96DCA}.Release|Any CPU.ActiveCfg = Release|Any CPU
		{D37B3CB4-9946-46D4-A427-F058B3F96DCA}.Release|Any CPU.Build.0 = Release|Any CPU
		{D37B3CB4-9946-46D4-A427-F058B3F96DCA}.Release|x64.ActiveCfg = Release|Any CPU
		{D37B3CB4-9946-46D4-A427-F058B3F96DCA}.Release|x64.Build.0 = Release|Any CPU
		{D37B3CB4-9946-46D4-A427-F058B3F96DCA}.Release|x86.ActiveCfg = Release|Any CPU
		{D37B3CB4-9946-46D4-A427-F058B3F96DCA}.Release|x86.Build.0 = Release|Any CPU
	EndGlobalSection
EndGlobal
